
Microsoft Visual Studio Solution File, Format Version 12.00
# Visual Studio 2013
VisualStudioVersion = 12.0.21005.1
MinimumVisualStudioVersion = 10.0.40219.1
Project("{FAE04EC0-301F-11D3-BF4B-00C04F79EFBC}") = "UdpServerDemo", "UdpServerDemo\UdpServerDemo.csproj", "{7357DAFC-634B-47AD-9564-D40424CA12D1}"
EndProject
Project("{FAE04EC0-301F-11D3-BF4B-00C04F79EFBC}") = "UdpLib", "UdpLib\UdpLib.csproj", "{FDBDC08B-F7E1-44C7-905E-1A7AB8CD41A2}"
EndProject
Global
	GlobalSection(SolutionConfigurationPlatforms) = preSolution
		Debug|Any CPU = Debug|Any CPU
		Release|Any CPU = Release|Any CPU
	EndGlobalSection
	GlobalSection(ProjectConfigurationPlatforms) = postSolution
		{7357DAFC-634B-47AD-9564-D40424CA12D1}.Debug|Any CPU.ActiveCfg = Debug|Any CPU
		{7357DAFC-634B-47AD-9564-D40424CA12D1}.Debug|Any CPU.Build.0 = Debug|Any CPU
		{7357DAFC-634B-47AD-9564-D40424CA12D1}.Release|Any CPU.ActiveCfg = Release|Any CPU
		{7357DAFC-634B-47AD-9564-D40424CA12D1}.Release|Any CPU.Build.0 = Release|Any CPU
		{FDBDC08B-F7E1-44C7-905E-1A7AB8CD41A2}.Debug|Any CPU.ActiveCfg = Debug|Any CPU
		{FDBDC08B-F7E1-44C7-905E-1A7AB8CD41A2}.Debug|Any CPU.Build.0 = Debug|Any CPU
		{FDBDC08B-F7E1-44C7-905E-1A7AB8CD41A2}.Release|Any CPU.ActiveCfg = Release|Any CPU
		{FDBDC08B-F7E1-44C7-905E-1A7AB8CD41A2}.Release|Any CPU.Build.0 = Release|Any CPU
	EndGlobalSection
	GlobalSection(SolutionProperties) = preSolution
		HideSolutionNode = FALSE
	EndGlobalSection
EndGlobal
